
Microsoft Visual Studio Solution File, Format Version 12.00
# Visual Studio 15
VisualStudioVersion = 15.0.28306.52
MinimumVisualStudioVersion = 10.0.40219.1
Project("{FAE04EC0-301F-11D3-BF4B-00C04F79EFBC}") = "Uno.Wasm.MonoRuntime", "Uno.Wasm.MonoRuntime\Uno.Wasm.MonoRuntime.csproj", "{A9F09CD5-99EB-416E-9586-236D621FDDE2}"
EndProject
Global
	GlobalSection(SolutionConfigurationPlatforms) = preSolution
		Debug|Any CPU = Debug|Any CPU
		Release|Any CPU = Release|Any CPU
	EndGlobalSection
	GlobalSection(ProjectConfigurationPlatforms) = postSolution
		{A9F09CD5-99EB-416E-9586-236D621FDDE2}.Debug|Any CPU.ActiveCfg = Debug|Any CPU
		{A9F09CD5-99EB-416E-9586-236D621FDDE2}.Debug|Any CPU.Build.0 = Debug|Any CPU
		{A9F09CD5-99EB-416E-9586-236D621FDDE2}.Release|Any CPU.ActiveCfg = Release|Any CPU
		{A9F09CD5-99EB-416E-9586-236D621FDDE2}.Release|Any CPU.Build.0 = Release|Any CPU
	EndGlobalSection
	GlobalSection(SolutionProperties) = preSolution
		HideSolutionNode = FALSE
	EndGlobalSection
	GlobalSection(ExtensibilityGlobals) = postSolution
		SolutionGuid = {D522D592-FA49-4FF6-B2C5-55B38A70DD1B}
	EndGlobalSection
EndGlobal
